{
  "name": "@okp/dxf-import",
  "version": "0.1.0",
  "lockfileVersion": 3,
  "requires": true,
  "packages": {
    "": {
      "name": "@okp/dxf-import",
      "version": "0.1.0",
      "dependencies": {
        "@okp/shared-schemas": "file:../../shared-schemas",
        "dxf-parser": "^1.1.2"
      },
      "devDependencies": {
        "typescript": "^5.6.3"
      }
    },
    "../../shared-schemas": {
      "name": "@okp/shared-schemas",
      "version": "0.1.0",
      "devDependencies": {
        "typescript": "^5.6.3",
        "vitest": "^2.1.5"
      }
    },
    "node_modules/@okp/shared-schemas": {
      "resolved": "../../shared-schemas",
      "link": true
    },
    "node_modules/dxf-parser": {
      "version": "1.1.2",
      "resolved": "https://registry.npmjs.org/dxf-parser/-/dxf-parser-1.1.2.tgz",
      "integrity": "sha512-GPTumUvRkounlIazLIyJMmTWt+nlg+ksS0Hdm8jWvejmZKBTz6gvHTam76wRm4PQMma5sgKLThblQyeIJcH79Q==",
      "license": "MIT",
      "dependencies": {
        "loglevel": "^1.7.1"
      }
    },
    "node_modules/loglevel": {
      "version": "1.9.2",
      "resolved": "https://registry.npmjs.org/loglevel/-/loglevel-1.9.2.tgz",
      "integrity": "sha512-HgMmCqIJSAKqo68l0rS2AanEWfkxaZ5wNiEFb5ggm08lDs9Xl2KxBlX3PTcaD2chBM1gXAYf491/M2Rv8Jwayg==",
      "license": "MIT",
      "engines": {
        "node": ">= 0.6.0"
      },
      "funding": {
        "type": "tidelift",
        "url": "https://tidelift.com/funding/github/npm/loglevel"
      }
    },
    "node_modules/typescript": {
      "version": "5.9.3",
      "resolved": "https://registry.npmjs.org/typescript/-/typescript-5.9.3.tgz",
      "integrity": "sha512-jl1vZzPDinLr9eUt3J/t7V6FgNEw9QjvBPdysz9KfQDD41fQrC2Y4vKQdiaUpFT4bXlb1RHhLpp8wtm6M5TgSw==",
      "dev": true,
      "license": "Apache-2.0",
      "bin": {
        "tsc": "bin/tsc",
        "tsserver": "bin/tsserver"
      },
      "engines": {
        "node": ">=14.17"
      }
    }
  }
}
